{
    "_meta": {
        "hash": {
            "sha256": "31c44aede61ddaf5e67b70240fc4e0784b234af3566c90ca2603937dafe3f26d"
        },
        "pipfile-spec": 6,
        "requires": {
            "python_version": "3.6"
        },
        "sources": [
            {
                "name": "pypi",
                "url": "https://pypi.org/simple",
                "verify_ssl": true
            }
        ]
    },
    "default": {
        "sqlalchemy": {
            "hashes": [
                "sha256:809547455d012734b4252081db1e6b4fc731de2299f3755708c39863625e1c77"
            ],
            "index": "pypi",
            "version": "==1.2.15"
        }
    },
    "develop": {}
}
